
Microsoft Visual Studio Solution File, Format Version 12.00
# Visual Studio Version 16
VisualStudioVersion = 16.0.30621.155
MinimumVisualStudioVersion = 10.0.40219.1
Project("{9A19103F-16F7-4668-BE54-9A1E7A4F7556}") = "DBHandler", "Echo\DBHandler.csproj", "{DEBE56D7-C7F8-4726-9ED5-AE37B393132F}"
EndProject
Project("{9A19103F-16F7-4668-BE54-9A1E7A4F7556}") = "DatabaseObjects", "DatabaseObjects\DatabaseObjects.csproj", "{FEB22B9E-3ADF-41DD-8978-12891A6583F7}"
EndProject
Project("{9A19103F-16F7-4668-BE54-9A1E7A4F7556}") = "HandlerTests", "HandlerTest\HandlerTests.csproj", "{91EC10FD-444E-4308-A3A7-00A277AE86EC}"
EndProject
Project("{2150E333-8FDC-42A3-9474-1A3956D46DE8}") = "Tests", "Tests", "{4B159EAC-ED29-4DE1-B48F-FB589D56D162}"
EndProject
Project("{9A19103F-16F7-4668-BE54-9A1E7A4F7556}") = "BasicComTests", "ControllerTests\BasicComTests.csproj", "{1473804B-4FCA-40CC-89D8-A3693B2E19DE}"
EndProject
Project("{9A19103F-16F7-4668-BE54-9A1E7A4F7556}") = "DB_BasicCom", "DBController\DB_BasicCom.csproj", "{989B60F4-05AC-43FE-BC2B-45ACB9A8DCD2}"
EndProject
Global
	GlobalSection(SolutionConfigurationPlatforms) = preSolution
		Debug|Any CPU = Debug|Any CPU
		Release|Any CPU = Release|Any CPU
	EndGlobalSection
	GlobalSection(ProjectConfigurationPlatforms) = postSolution
		{DEBE56D7-C7F8-4726-9ED5-AE37B393132F}.Debug|Any CPU.ActiveCfg = Debug|Any CPU
		{DEBE56D7-C7F8-4726-9ED5-AE37B393132F}.Debug|Any CPU.Build.0 = Debug|Any CPU
		{DEBE56D7-C7F8-4726-9ED5-AE37B393132F}.Release|Any CPU.ActiveCfg = Release|Any CPU
		{DEBE56D7-C7F8-4726-9ED5-AE37B393132F}.Release|Any CPU.Build.0 = Release|Any CPU
		{FEB22B9E-3ADF-41DD-8978-12891A6583F7}.Debug|Any CPU.ActiveCfg = Debug|Any CPU
		{FEB22B9E-3ADF-41DD-8978-12891A6583F7}.Debug|Any CPU.Build.0 = Debug|Any CPU
		{FEB22B9E-3ADF-41DD-8978-12891A6583F7}.Release|Any CPU.ActiveCfg = Release|Any CPU
		{FEB22B9E-3ADF-41DD-8978-12891A6583F7}.Release|Any CPU.Build.0 = Release|Any CPU
		{91EC10FD-444E-4308-A3A7-00A277AE86EC}.Debug|Any CPU.ActiveCfg = Debug|Any CPU
		{91EC10FD-444E-4308-A3A7-00A277AE86EC}.Debug|Any CPU.Build.0 = Debug|Any CPU
		{91EC10FD-444E-4308-A3A7-00A277AE86EC}.Release|Any CPU.ActiveCfg = Release|Any CPU
		{91EC10FD-444E-4308-A3A7-00A277AE86EC}.Release|Any CPU.Build.0 = Release|Any CPU
		{1473804B-4FCA-40CC-89D8-A3693B2E19DE}.Debug|Any CPU.ActiveCfg = Debug|Any CPU
		{1473804B-4FCA-40CC-89D8-A3693B2E19DE}.Debug|Any CPU.Build.0 = Debug|Any CPU
		{1473804B-4FCA-40CC-89D8-A3693B2E19DE}.Release|Any CPU.ActiveCfg = Release|Any CPU
		{1473804B-4FCA-40CC-89D8-A3693B2E19DE}.Release|Any CPU.Build.0 = Release|Any CPU
		{989B60F4-05AC-43FE-BC2B-45ACB9A8DCD2}.Debug|Any CPU.ActiveCfg = Debug|Any CPU
		{989B60F4-05AC-43FE-BC2B-45ACB9A8DCD2}.Debug|Any CPU.Build.0 = Debug|Any CPU
		{989B60F4-05AC-43FE-BC2B-45ACB9A8DCD2}.Release|Any CPU.ActiveCfg = Release|Any CPU
		{989B60F4-05AC-43FE-BC2B-45ACB9A8DCD2}.Release|Any CPU.Build.0 = Release|Any CPU
	EndGlobalSection
	GlobalSection(SolutionProperties) = preSolution
		HideSolutionNode = FALSE
	EndGlobalSection
	GlobalSection(NestedProjects) = preSolution
		{91EC10FD-444E-4308-A3A7-00A277AE86EC} = {4B159EAC-ED29-4DE1-B48F-FB589D56D162}
		{1473804B-4FCA-40CC-89D8-A3693B2E19DE} = {4B159EAC-ED29-4DE1-B48F-FB589D56D162}
	EndGlobalSection
	GlobalSection(ExtensibilityGlobals) = postSolution
		SolutionGuid = {6516B001-64F8-426B-9F0E-4016B5FDCBF2}
	EndGlobalSection
EndGlobal
